PODS:
  - Flutter (1.0.0)
  - thrio (2.0.11):
    - Flutter

DEPENDENCIES:
  - Flutter (from `Flutter`)
  - thrio (from `.symlinks/plugins/thrio/ios`)

EXTERNAL SOURCES:
  Flutter:
    :path: Flutter
  thrio:
    :path: ".symlinks/plugins/thrio/ios"

SPEC CHECKSUMS:
  Flutter: 434fef37c0980e73bb6479ef766c45957d4b510c
  thrio: 0830e76f094263f13abec38d05502c7b9541876b

PODFILE CHECKSUM: aafe91acc616949ddb318b77800a7f51bffa2a4c

COCOAPODS: 1.10.1
